
Microsoft Visual Studio Solution File, Format Version 12.00
# Visual Studio Version 17
VisualStudioVersion = 17.3.32901.215
MinimumVisualStudioVersion = 10.0.40219.1
Project("{FAE04EC0-301F-11D3-BF4B-00C04F79EFBC}") = "Cafenet", "Cafenet.csproj", "{4A85B6A3-AB2A-4EB5-94FB-989C3C489168}"
EndProject
Global
	GlobalSection(SolutionConfigurationPlatforms) = preSolution
		Debug|Any CPU = Debug|Any CPU
		Release|Any CPU = Release|Any CPU
	EndGlobalSection
	GlobalSection(ProjectConfigurationPlatforms) = postSolution
		{4A85B6A3-AB2A-4EB5-94FB-989C3C489168}.Debug|Any CPU.ActiveCfg = Debug|Any CPU
		{4A85B6A3-AB2A-4EB5-94FB-989C3C489168}.Debug|Any CPU.Build.0 = Debug|Any CPU
		{4A85B6A3-AB2A-4EB5-94FB-989C3C489168}.Release|Any CPU.ActiveCfg = Release|Any CPU
		{4A85B6A3-AB2A-4EB5-94FB-989C3C489168}.Release|Any CPU.Build.0 = Release|Any CPU
	EndGlobalSection
	GlobalSection(SolutionProperties) = preSolution
		HideSolutionNode = FALSE
	EndGlobalSection
	GlobalSection(ExtensibilityGlobals) = postSolution
		SolutionGuid = {5D4FBB65-4EB2-4C31-BF13-437D1F8AAF9C}
	EndGlobalSection
EndGlobal
